
Microsoft Visual Studio Solution File, Format Version 12.00
# Visual Studio 15
VisualStudioVersion = 15.0.28010.2026
MinimumVisualStudioVersion = 10.0.40219.1
Project("{FAE04EC0-301F-11D3-BF4B-00C04F79EFBC}") = "PPE3_Stripscrabble", "PPE3_Stripscrabble\PPE3_Stripscrabble.csproj", "{B30A7D19-0FF4-41F0-A756-1CE23B763B49}"
EndProject
Global
	GlobalSection(SolutionConfigurationPlatforms) = preSolution
		Debug|Any CPU = Debug|Any CPU
		Release|Any CPU = Release|Any CPU
	EndGlobalSection
	GlobalSection(ProjectConfigurationPlatforms) = postSolution
		{B30A7D19-0FF4-41F0-A756-1CE23B763B49}.Debug|Any CPU.ActiveCfg = Debug|Any CPU
		{B30A7D19-0FF4-41F0-A756-1CE23B763B49}.Debug|Any CPU.Build.0 = Debug|Any CPU
		{B30A7D19-0FF4-41F0-A756-1CE23B763B49}.Release|Any CPU.ActiveCfg = Release|Any CPU
		{B30A7D19-0FF4-41F0-A756-1CE23B763B49}.Release|Any CPU.Build.0 = Release|Any CPU
	EndGlobalSection
	GlobalSection(SolutionProperties) = preSolution
		HideSolutionNode = FALSE
	EndGlobalSection
	GlobalSection(ExtensibilityGlobals) = postSolution
		SolutionGuid = {0B0B315B-4DE9-4104-A9F3-FB9322E8B763}
	EndGlobalSection
EndGlobal
